
Microsoft Visual Studio Solution File, Format Version 12.00
# Visual Studio Version 17
VisualStudioVersion = 17.0.31903.59
MinimumVisualStudioVersion = 10.0.40219.1
Project("{2150E333-8FDC-42A3-9474-1A3956D46DE8}") = "Backend", "Backend", "{1AE8ACA6-933B-BF2A-3671-3E2EAC007D16}"
EndProject
Project("{FAE04EC0-301F-11D3-BF4B-00C04F79EFBC}") = "Bootler", "BuildingBlocks\Bootler.csproj", "{4E18030E-BC06-4DD9-82D5-F72F20E84F5C}"
EndProject
Project("{FAE04EC0-301F-11D3-BF4B-00C04F79EFBC}") = "Bootler.Contracts", "Contracts\Bootler.Contracts.csproj", "{68DE217F-DD53-4AEE-BBA8-CC1A238E0C8D}"
EndProject
Project("{FAE04EC0-301F-11D3-BF4B-00C04F79EFBC}") = "Bootler.Domain", "Domain\Bootler.Domain.csproj", "{A7948AD5-9605-4D26-BE37-B2D15F5E42FA}"
EndProject
Project("{FAE04EC0-301F-11D3-BF4B-00C04F79EFBC}") = "Bootler.Api", "Api\Bootler.Api.csproj", "{09A281E2-43FE-48EB-8D7A-E8BB11164FAC}"
EndProject
Project("{54A90642-561A-4BB1-A94E-469ADEE60C69}") = "Bootler.WUI", "Bootler.WUI\Bootler.WUI.esproj", "{F7155B50-CB3F-6D10-9748-89459D3E4578}"
EndProject
Project("{FAE04EC0-301F-11D3-BF4B-00C04F79EFBC}") = "Bootler.Infrastructure", "Infrastructure\Bootler.Infrastructure.csproj", "{1F7FA417-3BB1-4D74-8491-A3447072C35D}"
EndProject
Project("{2150E333-8FDC-42A3-9474-1A3956D46DE8}") = "test", "test", "{0C88DD14-F956-CE84-757C-A364CCF449FC}"
EndProject
Project("{FAE04EC0-301F-11D3-BF4B-00C04F79EFBC}") = "Bootler.Tests.UnitTest", "..\tests\UnitTests\Bootler.Tests.UnitTest.csproj", "{6CA10235-DBCA-4506-891D-44F96AD84D75}"
EndProject
Project("{FAE04EC0-301F-11D3-BF4B-00C04F79EFBC}") = "Bootler.Tests.IntegrationTest", "..\tests\IntegrationsTests\Bootler.Tests.IntegrationTest.csproj", "{38D1DE43-276E-4231-B957-2432D7C77A23}"
EndProject
Global
	GlobalSection(SolutionConfigurationPlatforms) = preSolution
		Debug|Any CPU = Debug|Any CPU
		Debug|x64 = Debug|x64
		Debug|x86 = Debug|x86
		Release|Any CPU = Release|Any CPU
		Release|x64 = Release|x64
		Release|x86 = Release|x86
	EndGlobalSection
	GlobalSection(ProjectConfigurationPlatforms) = postSolution
		{4E18030E-BC06-4DD9-82D5-F72F20E84F5C}.Debug|Any CPU.ActiveCfg = Debug|Any CPU
		{4E18030E-BC06-4DD9-82D5-F72F20E84F5C}.Debug|Any CPU.Build.0 = Debug|Any CPU
		{4E18030E-BC06-4DD9-82D5-F72F20E84F5C}.Debug|x64.ActiveCfg = Debug|Any CPU
		{4E18030E-BC06-4DD9-82D5-F72F20E84F5C}.Debug|x64.Build.0 = Debug|Any CPU
		{4E18030E-BC06-4DD9-82D5-F72F20E84F5C}.Debug|x86.ActiveCfg = Debug|Any CPU
		{4E18030E-BC06-4DD9-82D5-F72F20E84F5C}.Debug|x86.Build.0 = Debug|Any CPU
		{4E18030E-BC06-4DD9-82D5-F72F20E84F5C}.Release|Any CPU.ActiveCfg = Release|Any CPU
		{4E18030E-BC06-4DD9-82D5-F72F20E84F5C}.Release|Any CPU.Build.0 = Release|Any CPU
		{4E18030E-BC06-4DD9-82D5-F72F20E84F5C}.Release|x64.ActiveCfg = Release|Any CPU
		{4E18030E-BC06-4DD9-82D5-F72F20E84F5C}.Release|x64.Build.0 = Release|Any CPU
		{4E18030E-BC06-4DD9-82D5-F72F20E84F5C}.Release|x86.ActiveCfg = Release|Any CPU
		{4E18030E-BC06-4DD9-82D5-F72F20E84F5C}.Release|x86.Build.0 = Release|Any CPU
		{68DE217F-DD53-4AEE-BBA8-CC1A238E0C8D}.Debug|Any CPU.ActiveCfg = Debug|Any CPU
		{68DE217F-DD53-4AEE-BBA8-CC1A238E0C8D}.Debug|Any CPU.Build.0 = Debug|Any CPU
		{68DE217F-DD53-4AEE-BBA8-CC1A238E0C8D}.Debug|x64.ActiveCfg = Debug|Any CPU
		{68DE217F-DD53-4AEE-BBA8-CC1A238E0C8D}.Debug|x64.Build.0 = Debug|Any CPU
		{68DE217F-DD53-4AEE-BBA8-CC1A238E0C8D}.Debug|x86.ActiveCfg = Debug|Any CPU
		{68DE217F-DD53-4AEE-BBA8-CC1A238E0C8D}.Debug|x86.Build.0 = Debug|Any CPU
		{68DE217F-DD53-4AEE-BBA8-CC1A238E0C8D}.Release|Any CPU.ActiveCfg = Release|Any CPU
		{68DE217F-DD53-4AEE-BBA8-CC1A238E0C8D}.Release|Any CPU.Build.0 = Release|Any CPU
		{68DE217F-DD53-4AEE-BBA8-CC1A238E0C8D}.Release|x64.ActiveCfg = Release|Any CPU
		{68DE217F-DD53-4AEE-BBA8-CC1A238E0C8D}.Release|x64.Build.0 = Release|Any CPU
		{68DE217F-DD53-4AEE-BBA8-CC1A238E0C8D}.Release|x86.ActiveCfg = Release|Any CPU
		{68DE217F-DD53-4AEE-BBA8-CC1A238E0C8D}.Release|x86.Build.0 = Release|Any CPU
		{A7948AD5-9605-4D26-BE37-B2D15F5E42FA}.Debug|Any CPU.ActiveCfg = Debug|Any CPU
		{A7948AD5-9605-4D26-BE37-B2D15F5E42FA}.Debug|Any CPU.Build.0 = Debug|Any CPU
		{A7948AD5-9605-4D26-BE37-B2D15F5E42FA}.Debug|x64.ActiveCfg = Debug|Any CPU
		{A7948AD5-9605-4D26-BE37-B2D15F5E42FA}.Debug|x64.Build.0 = Debug|Any CPU
		{A7948AD5-9605-4D26-BE37-B2D15F5E42FA}.Debug|x86.ActiveCfg = Debug|Any CPU
		{A7948AD5-9605-4D26-BE37-B2D15F5E42FA}.Debug|x86.Build.0 = Debug|Any CPU
		{A7948AD5-9605-4D26-BE37-B2D15F5E42FA}.Release|Any CPU.ActiveCfg = Release|Any CPU
		{A7948AD5-9605-4D26-BE37-B2D15F5E42FA}.Release|Any CPU.Build.0 = Release|Any CPU
		{A7948AD5-9605-4D26-BE37-B2D15F5E42FA}.Release|x64.ActiveCfg = Release|Any CPU
		{A7948AD5-9605-4D26-BE37-B2D15F5E42FA}.Release|x64.Build.0 = Release|Any CPU
		{A7948AD5-9605-4D26-BE37-B2D15F5E42FA}.Release|x86.ActiveCfg = Release|Any CPU
		{A7948AD5-9605-4D26-BE37-B2D15F5E42FA}.Release|x86.Build.0 = Release|Any CPU
		{09A281E2-43FE-48EB-8D7A-E8BB11164FAC}.Debug|Any CPU.ActiveCfg = Debug|Any CPU
		{09A281E2-43FE-48EB-8D7A-E8BB11164FAC}.Debug|Any CPU.Build.0 = Debug|Any CPU
		{09A281E2-43FE-48EB-8D7A-E8BB11164FAC}.Debug|x64.ActiveCfg = Debug|Any CPU
		{09A281E2-43FE-48EB-8D7A-E8BB11164FAC}.Debug|x64.Build.0 = Debug|Any CPU
		{09A281E2-43FE-48EB-8D7A-E8BB11164FAC}.Debug|x86.ActiveCfg = Debug|Any CPU
		{09A281E2-43FE-48EB-8D7A-E8BB11164FAC}.Debug|x86.Build.0 = Debug|Any CPU
		{09A281E2-43FE-48EB-8D7A-E8BB11164FAC}.Release|Any CPU.ActiveCfg = Release|Any CPU
		{09A281E2-43FE-48EB-8D7A-E8BB11164FAC}.Release|Any CPU.Build.0 = Release|Any CPU
		{09A281E2-43FE-48EB-8D7A-E8BB11164FAC}.Release|x64.ActiveCfg = Release|Any CPU
		{09A281E2-43FE-48EB-8D7A-E8BB11164FAC}.Release|x64.Build.0 = Release|Any CPU
		{09A281E2-43FE-48EB-8D7A-E8BB11164FAC}.Release|x86.ActiveCfg = Release|Any CPU
		{09A281E2-43FE-48EB-8D7A-E8BB11164FAC}.Release|x86.Build.0 = Release|Any CPU
		{F7155B50-CB3F-6D10-9748-89459D3E4578}.Debug|Any CPU.ActiveCfg = Debug|Any CPU
		{F7155B50-CB3F-6D10-9748-89459D3E4578}.Debug|Any CPU.Build.0 = Debug|Any CPU
		{F7155B50-CB3F-6D10-9748-89459D3E4578}.Debug|Any CPU.Deploy.0 = Debug|Any CPU
		{F7155B50-CB3F-6D10-9748-89459D3E4578}.Debug|x64.ActiveCfg = Debug|Any CPU
		{F7155B50-CB3F-6D10-9748-89459D3E4578}.Debug|x64.Build.0 = Debug|Any CPU
		{F7155B50-CB3F-6D10-9748-89459D3E4578}.Debug|x64.Deploy.0 = Debug|Any CPU
		{F7155B50-CB3F-6D10-9748-89459D3E4578}.Debug|x86.ActiveCfg = Debug|Any CPU
		{F7155B50-CB3F-6D10-9748-89459D3E4578}.Debug|x86.Build.0 = Debug|Any CPU
		{F7155B50-CB3F-6D10-9748-89459D3E4578}.Debug|x86.Deploy.0 = Debug|Any CPU
		{F7155B50-CB3F-6D10-9748-89459D3E4578}.Release|Any CPU.ActiveCfg = Release|Any CPU
		{F7155B50-CB3F-6D10-9748-89459D3E4578}.Release|Any CPU.Build.0 = Release|Any CPU
		{F7155B50-CB3F-6D10-9748-89459D3E4578}.Release|Any CPU.Deploy.0 = Release|Any CPU
		{F7155B50-CB3F-6D10-9748-89459D3E4578}.Release|x64.ActiveCfg = Release|Any CPU
		{F7155B50-CB3F-6D10-9748-89459D3E4578}.Release|x64.Build.0 = Release|Any CPU
		{F7155B50-CB3F-6D10-9748-89459D3E4578}.Release|x64.Deploy.0 = Release|Any CPU
		{F7155B50-CB3F-6D10-9748-89459D3E4578}.Release|x86.ActiveCfg = Release|Any CPU
		{F7155B50-CB3F-6D10-9748-89459D3E4578}.Release|x86.Build.0 = Release|Any CPU
		{F7155B50-CB3F-6D10-9748-89459D3E4578}.Release|x86.Deploy.0 = Release|Any CPU
		{1F7FA417-3BB1-4D74-8491-A3447072C35D}.Debug|Any CPU.ActiveCfg = Debug|Any CPU
		{1F7FA417-3BB1-4D74-8491-A3447072C35D}.Debug|Any CPU.Build.0 = Debug|Any CPU
		{1F7FA417-3BB1-4D74-8491-A3447072C35D}.Debug|x64.ActiveCfg = Debug|Any CPU
		{1F7FA417-3BB1-4D74-8491-A3447072C35D}.Debug|x64.Build.0 = Debug|Any CPU
		{1F7FA417-3BB1-4D74-8491-A3447072C35D}.Debug|x86.ActiveCfg = Debug|Any CPU
		{1F7FA417-3BB1-4D74-8491-A3447072C35D}.Debug|x86.Build.0 = Debug|Any CPU
		{1F7FA417-3BB1-4D74-8491-A3447072C35D}.Release|Any CPU.ActiveCfg = Release|Any CPU
		{1F7FA417-3BB1-4D74-8491-A3447072C35D}.Release|Any CPU.Build.0 = Release|Any CPU
		{1F7FA417-3BB1-4D74-8491-A3447072C35D}.Release|x64.ActiveCfg = Release|Any CPU
		{1F7FA417-3BB1-4D74-8491-A3447072C35D}.Release|x64.Build.0 = Release|Any CPU
		{1F7FA417-3BB1-4D74-8491-A3447072C35D}.Release|x86.ActiveCfg = Release|Any CPU
		{1F7FA417-3BB1-4D74-8491-A3447072C35D}.Release|x86.Build.0 = Release|Any CPU
		{6CA10235-DBCA-4506-891D-44F96AD84D75}.Debug|Any CPU.ActiveCfg = Debug|Any CPU
		{6CA10235-DBCA-4506-891D-44F96AD84D75}.Debug|Any CPU.Build.0 = Debug|Any CPU
		{6CA10235-DBCA-4506-891D-44F96AD84D75}.Debug|x64.ActiveCfg = Debug|Any CPU
		{6CA10235-DBCA-4506-891D-44F96AD84D75}.Debug|x64.Build.0 = Debug|Any CPU
		{6CA10235-DBCA-4506-891D-44F96AD84D75}.Debug|x86.ActiveCfg = Debug|Any CPU
		{6CA10235-DBCA-4506-891D-44F96AD84D75}.Debug|x86.Build.0 = Debug|Any CPU
		{6CA10235-DBCA-4506-891D-44F96AD84D75}.Release|Any CPU.ActiveCfg = Release|Any CPU
		{6CA10235-DBCA-4506-891D-44F96AD84D75}.Release|Any CPU.Build.0 = Release|Any CPU
		{6CA10235-DBCA-4506-891D-44F96AD84D75}.Release|x64.ActiveCfg = Release|Any CPU
		{6CA10235-DBCA-4506-891D-44F96AD84D75}.Release|x64.Build.0 = Release|Any CPU
		{6CA10235-DBCA-4506-891D-44F96AD84D75}.Release|x86.ActiveCfg = Release|Any CPU
		{6CA10235-DBCA-4506-891D-44F96AD84D75}.Release|x86.Build.0 = Release|Any CPU
		{38D1DE43-276E-4231-B957-2432D7C77A23}.Debug|Any CPU.ActiveCfg = Debug|Any CPU
		{38D1DE43-276E-4231-B957-2432D7C77A23}.Debug|Any CPU.Build.0 = Debug|Any CPU
		{38D1DE43-276E-4231-B957-2432D7C77A23}.Debug|x64.ActiveCfg = Debug|Any CPU
		{38D1DE43-276E-4231-B957-2432D7C77A23}.Debug|x64.Build.0 = Debug|Any CPU
		{38D1DE43-276E-4231-B957-2432D7C77A23}.Debug|x86.ActiveCfg = Debug|Any CPU
		{38D1DE43-276E-4231-B957-2432D7C77A23}.Debug|x86.Build.0 = Debug|Any CPU
		{38D1DE43-276E-4231-B957-2432D7C77A23}.Release|Any CPU.ActiveCfg = Release|Any CPU
		{38D1DE43-276E-4231-B957-2432D7C77A23}.Release|Any CPU.Build.0 = Release|Any CPU
		{38D1DE43-276E-4231-B957-2432D7C77A23}.Release|x64.ActiveCfg = Release|Any CPU
		{38D1DE43-276E-4231-B957-2432D7C77A23}.Release|x64.Build.0 = Release|Any CPU
		{38D1DE43-276E-4231-B957-2432D7C77A23}.Release|x86.ActiveCfg = Release|Any CPU
		{38D1DE43-276E-4231-B957-2432D7C77A23}.Release|x86.Build.0 = Release|Any CPU
	EndGlobalSection
	GlobalSection(SolutionProperties) = preSolution
		HideSolutionNode = FALSE
	EndGlobalSection
	GlobalSection(NestedProjects) = preSolution
		{4E18030E-BC06-4DD9-82D5-F72F20E84F5C} = {1AE8ACA6-933B-BF2A-3671-3E2EAC007D16}
		{68DE217F-DD53-4AEE-BBA8-CC1A238E0C8D} = {1AE8ACA6-933B-BF2A-3671-3E2EAC007D16}
		{A7948AD5-9605-4D26-BE37-B2D15F5E42FA} = {1AE8ACA6-933B-BF2A-3671-3E2EAC007D16}
		{09A281E2-43FE-48EB-8D7A-E8BB11164FAC} = {1AE8ACA6-933B-BF2A-3671-3E2EAC007D16}
		{1F7FA417-3BB1-4D74-8491-A3447072C35D} = {1AE8ACA6-933B-BF2A-3671-3E2EAC007D16}
		{6CA10235-DBCA-4506-891D-44F96AD84D75} = {0C88DD14-F956-CE84-757C-A364CCF449FC}
		{38D1DE43-276E-4231-B957-2432D7C77A23} = {0C88DD14-F956-CE84-757C-A364CCF449FC}
	EndGlobalSection
	GlobalSection(ExtensibilityGlobals) = postSolution
		SolutionGuid = {9EF9439A-9B6F-438A-9620-37E5EA81976C}
	EndGlobalSection
EndGlobal
